{
    "_readme": [
        "This file locks the dependencies of your project to a known state",
        "Read more about it at https://getcomposer.org/doc/01-basic-usage.md#composer-lock-the-lock-file",
        "This file is @generated automatically"
    ],
    "hash": "968c94087a69bae169e289e773b5dee6",
    "packages": [
        {
            "name": "behat/behat",
            "version": "v2.4.0",
            "source": {
                "type": "git",
                "url": "https://github.com/Behat/Behat.git",
                "reference": "36a88b4c06e81485f5774be9b5d180508abf6c1e"
            },
            "dist": {
                "type": "zip",
                "url": "https://api.github.com/repos/Behat/Behat/zipball/36a88b4c06e81485f5774be9b5d180508abf6c1e",
                "reference": "36a88b4c06e81485f5774be9b5d180508abf6c1e",
                "shasum": ""
            },
            "require": {
                "behat/gherkin": ">=2.2.0,<2.3.0-dev",
                "php": ">=5.3.1",
                "symfony/config": ">=2.0.0,<2.2.0-dev",
                "symfony/console": ">=2.0.0,<2.2.0-dev",
                "symfony/dependency-injection": ">=2.0.0,<2.2.0-dev",
                "symfony/event-dispatcher": ">=2.0.0,<2.2.0-dev",
                "symfony/finder": ">=2.0.0,<2.2.0-dev",
                "symfony/translation": ">=2.0.0,<2.2.0-dev",
                "symfony/yaml": ">=2.0.0,<2.2.0-dev"
            },
            "suggest": {
                "behat/mink-extension": "for integration of with Mink",
                "behat/yii-extension": "for integration of with Yii framework"
            },
            "bin": [
                "bin/behat"
            ],
            "type": "library",
            "autoload": {
                "psr-0": {
                    "Behat\\Behat": "src/"
                }
            },
            "notification-url": "https://packagist.org/downloads/",
            "license": [
                "MIT"
            ],
            "authors": [
                {
                    "name": "Konstantin Kudryashov",
                    "email": "ever.zet@gmail.com",
                    "homepage": "http://everzet.com"
                }
            ],
            "description": "Scenario-oriented BDD framework for PHP 5.3",
            "homepage": "http://behat.org/",
            "keywords": [
                "BDD",
                "Behat",
                "Symfony2"
            ],
            "time": "2012-05-15 08:23:46"
        },
        {
            "name": "behat/gherkin",
            "version": "v2.2.9",
            "source": {
                "type": "git",
                "url": "https://github.com/Behat/Gherkin.git",
                "reference": "cca2c477921ca38578d6e9759ea5e450f29c2d8f"
            },
            "dist": {
                "type": "zip",
                "url": "https://api.github.com/repos/Behat/Gherkin/zipball/cca2c477921ca38578d6e9759ea5e450f29c2d8f",
                "reference": "cca2c477921ca38578d6e9759ea5e450f29c2d8f",
                "shasum": ""
            },
            "require": {
                "php": ">=5.3.1",
                "symfony/finder": ">=2.0,<2.4-dev"
            },
            "require-dev": {
                "symfony/config": ">=2.0,<2.4-dev",
                "symfony/translation": ">=2.0,<2.4-dev",
                "symfony/yaml": ">=2.0,<2.4-dev"
            },
            "suggest": {
                "symfony/config": "If you want to use Config component to manage resources",
                "symfony/translation": "If you want to use Symfony2 translations adapter",
                "symfony/yaml": "If you want to parse features, represented in YAML files"
            },
            "type": "library",
            "extra": {
                "branch-alias": {
                    "dev-develop": "2.2-dev"
                }
            },
            "autoload": {
                "psr-0": {
                    "Behat\\Gherkin": "src/"
                }
            },
            "notification-url": "https://packagist.org/downloads/",
            "license": [
                "MIT"
            ],
            "authors": [
                {
                    "name": "Konstantin Kudryashov",
                    "email": "ever.zet@gmail.com",
                    "homepage": "http://everzet.com"
                }
            ],
            "description": "Gherkin DSL parser for PHP 5.3",
            "homepage": "http://behat.org/",
            "keywords": [
                "BDD",
                "Behat",
                "DSL",
                "Symfony2",
                "parser"
            ],
            "time": "2013-03-02 10:38:40"
        },
        {
            "name": "behat/mink",
            "version": "v1.4.0",
            "source": {
                "type": "git",
                "url": "https://github.com/minkphp/Mink.git",
                "reference": "93006b8d30cd6646f76d2ad993c2a3310a54fc61"
            },
            "dist": {
                "type": "zip",
                "url": "https://api.github.com/repos/minkphp/Mink/zipball/93006b8d30cd6646f76d2ad993c2a3310a54fc61",
                "reference": "93006b8d30cd6646f76d2ad993c2a3310a54fc61",
                "shasum": ""
            },
            "require": {
                "php": ">=5.3.1",
                "symfony/css-selector": ">=2.0.0,<2.2.0-dev"
            },
            "require-dev": {
                "behat/mink-goutte-driver": "*",
                "behat/mink-sahi-driver": "*",
                "behat/mink-selenium-driver": "*",
                "behat/mink-selenium2-driver": "*",
                "behat/mink-zombie-driver": "*",
                "symfony/finder": ">=2.0.0,<2.2.0-dev"
            },
            "suggest": {
                "behat/mink-goutte-driver": "to enable Goutte support",
                "behat/mink-sahi-driver": "to enable Sahi.JS support",
                "behat/mink-selenium-driver": "to enable Selenium1 support",
                "behat/mink-selenium2-driver": "to enable Selenium2 (webdriver support)",
                "behat/mink-zombie-driver": "to enable Zombie.js support"
            },
            "type": "library",
            "autoload": {
                "psr-0": {
                    "Behat\\Mink": "src/"
                }
            },
            "notification-url": "https://packagist.org/downloads/",
            "license": [
                "MIT"
            ],
            "authors": [
                {
                    "name": "Konstantin Kudryashov",
                    "email": "ever.zet@gmail.com",
                    "homepage": "http://everzet.com"
                }
            ],
            "description": "Web acceptance testing framework for PHP 5.3",
            "homepage": "http://mink.behat.org/",
            "keywords": [
                "browser",
                "testing",
                "web"
            ],
            "time": "2012-05-29 22:50:10"
        },
        {
            "name": "behat/mink-browserkit-driver",
            "version": "v1.0.3",
            "source": {
                "type": "git",
                "url": "https://github.com/minkphp/MinkBrowserKitDriver.git",
                "reference": "c7fb1aea2fabac08f95296e03b8018e84b0b5dd2"
            },
            "dist": {
                "type": "zip",
                "url": "https://api.github.com/repos/minkphp/MinkBrowserKitDriver/zipball/c7fb1aea2fabac08f95296e03b8018e84b0b5dd2",
                "reference": "c7fb1aea2fabac08f95296e03b8018e84b0b5dd2",
                "shasum": ""
            },
            "require": {
                "behat/mink": ">=1.4,<1.5-dev",
                "php": ">=5.3.1",
                "symfony/browser-kit": ">=2.0,<2.4-dev",
                "symfony/dom-crawler": ">=2.0,<2.4-dev"
            },
            "require-dev": {
                "silex/silex": "@dev"
            },
            "type": "mink-driver",
            "extra": {
                "branch-alias": {
                    "dev-master": "1.0.x-dev"
                }
            },
            "autoload": {
                "psr-0": {
                    "Behat\\Mink\\Driver": "src/"
                }
            },
            "notification-url": "https://packagist.org/downloads/",
            "license": [
                "MIT"
            ],
            "authors": [
                {
                    "name": "Konstantin Kudryashov",
                    "email": "ever.zet@gmail.com",
                    "homepage": "http://everzet.com"
                }
            ],
            "description": "Symfony2 BrowserKit driver for Mink framework",
            "homepage": "http://mink.behat.org/",
            "keywords": [
                "Mink",
                "Symfony2",
                "browser",
                "testing"
            ],
            "time": "2013-03-02 16:08:39"
        },
        {
            "name": "behat/mink-extension",
            "version": "v1.0.1",
            "source": {
                "type": "git",
                "url": "https://github.com/Behat/MinkExtension.git",
                "reference": "70d8ae4f976038e5eae5951aacca65f2c33afb6d"
            },
            "dist": {
                "type": "zip",
                "url": "https://api.github.com/repos/Behat/MinkExtension/zipball/70d8ae4f976038e5eae5951aacca65f2c33afb6d",
                "reference": "70d8ae4f976038e5eae5951aacca65f2c33afb6d",
                "shasum": ""
            },
            "require": {
                "behat/behat": ">=2.4,<2.5-dev",
                "behat/mink": ">=1.4,<1.5-dev",
                "php": ">=5.3.2"
            },
            "require-dev": {
                "behat/mink-goutte-driver": "1.0.*",
                "fabpot/goutte": "1.0.*@dev"
            },
            "type": "behat-extension",
            "extra": {
                "branch-alias": {
                    "dev-master": "1.0.x-dev"
                }
            },
            "autoload": {
                "psr-0": {
                    "Behat\\MinkExtension": "src/"
                }
            },
            "notification-url": "https://packagist.org/downloads/",
            "license": [
                "MIT"
            ],
            "authors": [
                {
                    "name": "Konstantin Kudryashov",
                    "email": "ever.zet@gmail.com",
                    "homepage": "http://everzet.com"
                }
            ],
            "description": "Mink extension for Behat",
            "homepage": "http://mink.behat.org",
            "keywords": [
                "browser",
                "gui",
                "test",
                "web"
            ],
            "time": "2013-02-19 23:49:16"
        },
        {
            "name": "behat/mink-goutte-driver",
            "version": "v1.0.6",
            "source": {
                "type": "git",
                "url": "https://github.com/minkphp/MinkGoutteDriver.git",
                "reference": "f0a850b9b4e123896a5878b1ed360b40c2c4a768"
            },
            "dist": {
                "type": "zip",
                "url": "https://api.github.com/repos/minkphp/MinkGoutteDriver/zipball/f0a850b9b4e123896a5878b1ed360b40c2c4a768",
                "reference": "f0a850b9b4e123896a5878b1ed360b40c2c4a768",
                "shasum": ""
            },
            "require": {
                "behat/mink": ">=1.4,<1.5.0-dev",
                "behat/mink-browserkit-driver": "1.0.*",
                "fabpot/goutte": "1.0.*@dev",
                "php": ">=5.3.1",
                "symfony/browser-kit": ">=2.1,<2.4-dev",
                "symfony/css-selector": ">=2.1,<2.4-dev",
                "symfony/dom-crawler": ">=2.1,<2.4-dev",
                "symfony/finder": ">=2.1,<2.4-dev",
                "symfony/process": ">=2.1,<2.4-dev"
            },
            "type": "mink-driver",
            "extra": {
                "branch-alias": {
                    "dev-master": "1.0.x-dev"
                }
            },
            "autoload": {
                "psr-0": {
                    "Behat\\Mink\\Driver": "src/"
                }
            },
            "notification-url": "https://packagist.org/downloads/",
            "license": [
                "MIT"
            ],
            "authors": [
                {
                    "name": "Konstantin Kudryashov",
                    "email": "ever.zet@gmail.com",
                    "homepage": "http://everzet.com"
                }
            ],
            "description": "Goutte driver for Mink framework",
            "homepage": "http://mink.behat.org/",
            "keywords": [
                "browser",
                "goutte",
                "headless",
                "testing"
            ],
            "time": "2013-03-02 16:09:32"
        },
        {
            "name": "behat/mink-selenium2-driver",
            "version": "v1.0.4",
            "source": {
                "type": "git",
                "url": "https://github.com/minkphp/MinkSelenium2Driver.git",
                "reference": "dd218fe597ab8b5c607a62cc81c1ac503fd8b088"
            },
            "dist": {
                "type": "zip",
                "url": "https://api.github.com/repos/minkphp/MinkSelenium2Driver/zipball/dd218fe597ab8b5c607a62cc81c1ac503fd8b088",
                "reference": "dd218fe597ab8b5c607a62cc81c1ac503fd8b088",
                "shasum": ""
            },
            "require": {
                "behat/mink": ">=1.4,<1.5-dev",
                "instaclick/php-webdriver": ">=1.0,<1.1-dev",
                "php": ">=5.3.1"
            },
            "type": "mink-driver",
            "extra": {
                "branch-alias": {
                    "dev-master": "1.0.x-dev"
                }
            },
            "autoload": {
                "psr-0": {
                    "Behat\\Mink\\Driver": "src/"
                }
            },
            "notification-url": "https://packagist.org/downloads/",
            "license": [
                "MIT"
            ],
            "authors": [
                {
                    "name": "Konstantin Kudryashov",
                    "email": "ever.zet@gmail.com",
                    "homepage": "http://everzet.com"
                },
                {
                    "name": "Pete Otaqui",
                    "email": "pete@otaqui.com",
                    "homepage": "https://github.com/pete-otaqui"
                }
            ],
            "description": "Selenium2 (WebDriver) driver for Mink framework",
            "homepage": "http://mink.behat.org/",
            "keywords": [
                "ajax",
                "browser",
                "javascript",
                "selenium",
                "testing",
                "webdriver"
            ],
            "time": "2013-02-17 15:32:01"
        },
        {
            "name": "fabpot/goutte",
            "version": "1.0.x-dev",
            "source": {
                "type": "git",
                "url": "https://github.com/FriendsOfPHP/Goutte.git",
                "reference": "794b196e76bdd37b5155cdecbad311f0a3b07625"
            },
            "dist": {
                "type": "zip",
                "url": "https://api.github.com/repos/FriendsOfPHP/Goutte/zipball/794b196e76bdd37b5155cdecbad311f0a3b07625",
                "reference": "794b196e76bdd37b5155cdecbad311f0a3b07625",
                "shasum": ""
            },
            "require": {
                "ext-curl": "*",
                "guzzle/http": "~3.1",
                "php": ">=5.3.0",
                "symfony/browser-kit": "~2.1",
                "symfony/css-selector": "~2.1",
                "symfony/dom-crawler": "~2.1",
                "symfony/finder": "~2.1",
                "symfony/process": "~2.1"
            },
            "require-dev": {
                "guzzle/plugin-history": "~3.1",
                "guzzle/plugin-mock": "~3.1"
            },
            "type": "application",
            "extra": {
                "branch-alias": {
                    "dev-master": "1.0-dev"
                }
            },
            "autoload": {
                "psr-0": {
                    "Goutte": "."
                }
            },
            "notification-url": "https://packagist.org/downloads/",
            "license": [
                "MIT"
            ],
            "authors": [
                {
                    "name": "Fabien Potencier",
                    "email": "fabien@symfony.com"
                }
            ],
            "description": "A simple PHP Web Scraper",
            "homepage": "https://github.com/fabpot/Goutte",
            "keywords": [
                "scraper"
            ],
            "time": "2014-10-09 15:52:51"
        },
        {
            "name": "guzzle/common",
            "version": "v3.9.2",
            "target-dir": "Guzzle/Common",
            "source": {
                "type": "git",
                "url": "https://github.com/Guzzle3/common.git",
                "reference": "2e36af7cf2ce3ea1f2d7c2831843b883a8e7b7dc"
            },
            "dist": {
                "type": "zip",
                "url": "https://api.github.com/repos/Guzzle3/common/zipball/2e36af7cf2ce3ea1f2d7c2831843b883a8e7b7dc",
                "reference": "2e36af7cf2ce3ea1f2d7c2831843b883a8e7b7dc",
                "shasum": ""
            },
            "require": {
                "php": ">=5.3.2",
                "symfony/event-dispatcher": ">=2.1"
            },
            "type": "library",
            "extra": {
                "branch-alias": {
                    "dev-master": "3.7-dev"
                }
            },
            "autoload": {
                "psr-0": {
                    "Guzzle\\Common": ""
                }
            },
            "notification-url": "https://packagist.org/downloads/",
            "license": [
                "MIT"
            ],
            "description": "Common libraries used by Guzzle",
            "homepage": "http://guzzlephp.org/",
            "keywords": [
                "collection",
                "common",
                "event",
                "exception"
            ],
            "abandoned": "guzzle/guzzle",
            "time": "2014-08-11 04:32:36"
        },
        {
            "name": "guzzle/http",
            "version": "v3.9.2",
            "target-dir": "Guzzle/Http",
            "source": {
                "type": "git",
                "url": "https://github.com/Guzzle3/http.git",
                "reference": "1e8dd1e2ba9dc42332396f39fbfab950b2301dc5"
            },
            "dist": {
                "type": "zip",
                "url": "https://api.github.com/repos/Guzzle3/http/zipball/1e8dd1e2ba9dc42332396f39fbfab950b2301dc5",
                "reference": "1e8dd1e2ba9dc42332396f39fbfab950b2301dc5",
                "shasum": ""
            },
            "require": {
                "guzzle/common": "self.version",
                "guzzle/parser": "self.version",
                "guzzle/stream": "self.version",
                "php": ">=5.3.2"
            },
            "suggest": {
                "ext-curl": "*"
            },
            "type": "library",
            "extra": {
                "branch-alias": {
                    "dev-master": "3.7-dev"
                }
            },
            "autoload": {
                "psr-0": {
                    "Guzzle\\Http": ""
                }
            },
            "notification-url": "https://packagist.org/downloads/",
            "license": [
                "MIT"
            ],
            "authors": [
                {
                    "name": "Michael Dowling",
                    "email": "mtdowling@gmail.com",
                    "homepage": "https://github.com/mtdowling"
                }
            ],
            "description": "HTTP libraries used by Guzzle",
            "homepage": "http://guzzlephp.org/",
            "keywords": [
                "Guzzle",
                "client",
                "curl",
                "http",
                "http client"
            ],
            "abandoned": "guzzle/guzzle",
            "time": "2014-08-11 04:32:36"
        },
        {
            "name": "guzzle/parser",
            "version": "v3.9.2",
            "target-dir": "Guzzle/Parser",
            "source": {
                "type": "git",
                "url": "https://github.com/Guzzle3/parser.git",
                "reference": "6874d171318a8e93eb6d224cf85e4678490b625c"
            },
            "dist": {
                "type": "zip",
                "url": "https://api.github.com/repos/Guzzle3/parser/zipball/6874d171318a8e93eb6d224cf85e4678490b625c",
                "reference": "6874d171318a8e93eb6d224cf85e4678490b625c",
                "shasum": ""
            },
            "require": {
                "php": ">=5.3.2"
            },
            "type": "library",
            "extra": {
                "branch-alias": {
                    "dev-master": "3.7-dev"
                }
            },
            "autoload": {
                "psr-0": {
                    "Guzzle\\Parser": ""
                }
            },
            "notification-url": "https://packagist.org/downloads/",
            "license": [
                "MIT"
            ],
            "description": "Interchangeable parsers used by Guzzle",
            "homepage": "http://guzzlephp.org/",
            "keywords": [
                "URI Template",
                "cookie",
                "http",
                "message",
                "url"
            ],
            "abandoned": "guzzle/guzzle",
            "time": "2014-02-05 18:29:46"
        },
        {
            "name": "guzzle/stream",
            "version": "v3.9.2",
            "target-dir": "Guzzle/Stream",
            "source": {
                "type": "git",
                "url": "https://github.com/Guzzle3/stream.git",
                "reference": "60c7fed02e98d2c518dae8f97874c8f4622100f0"
            },
            "dist": {
                "type": "zip",
                "url": "https://api.github.com/repos/Guzzle3/stream/zipball/60c7fed02e98d2c518dae8f97874c8f4622100f0",
                "reference": "60c7fed02e98d2c518dae8f97874c8f4622100f0",
                "shasum": ""
            },
            "require": {
                "guzzle/common": "self.version",
                "php": ">=5.3.2"
            },
            "suggest": {
                "guzzle/http": "To convert Guzzle request objects to PHP streams"
            },
            "type": "library",
            "extra": {
                "branch-alias": {
                    "dev-master": "3.7-dev"
                }
            },
            "autoload": {
                "psr-0": {
                    "Guzzle\\Stream": ""
                }
            },
            "notification-url": "https://packagist.org/downloads/",
            "license": [
                "MIT"
            ],
            "authors": [
                {
                    "name": "Michael Dowling",
                    "email": "mtdowling@gmail.com",
                    "homepage": "https://github.com/mtdowling"
                }
            ],
            "description": "Guzzle stream wrapper component",
            "homepage": "http://guzzlephp.org/",
            "keywords": [
                "Guzzle",
                "component",
                "stream"
            ],
            "abandoned": "guzzle/guzzle",
            "time": "2014-05-01 21:36:02"
        },
        {
            "name": "instaclick/php-webdriver",
            "version": "1.0.17",
            "source": {
                "type": "git",
                "url": "https://github.com/instaclick/php-webdriver.git",
                "reference": "47a6019553a7a5b42d35493276ffc2c9252c53d5"
            },
            "dist": {
                "type": "zip",
                "url": "https://api.github.com/repos/instaclick/php-webdriver/zipball/47a6019553a7a5b42d35493276ffc2c9252c53d5",
                "reference": "47a6019553a7a5b42d35493276ffc2c9252c53d5",
                "shasum": ""
            },
            "require": {
                "ext-curl": "*",
                "php": ">=5.3.2"
            },
            "bin": [
                "bin/webunit"
            ],
            "type": "library",
            "extra": {
                "branch-alias": {
                    "dev-master": "1.0.x-dev"
                }
            },
            "autoload": {
                "psr-0": {
                    "WebDriver": "lib/"
                }
            },
            "notification-url": "https://packagist.org/downloads/",
            "license": [
                "Apache-2.0"
            ],
            "authors": [
                {
                    "name": "Justin Bishop",
                    "email": "jubishop@gmail.com",
                    "role": "Developer"
                },
                {
                    "name": "Anthon Pang",
                    "email": "apang@softwaredevelopment.ca",
                    "role": "developer"
                }
            ],
            "description": "PHP WebDriver for Selenium 2",
            "homepage": "http://instaclick.com/",
            "keywords": [
                "browser",
                "selenium",
                "webdriver",
                "webtest"
            ],
            "time": "2013-10-04 15:03:51"
        },
        {
            "name": "symfony/browser-kit",
            "version": "2.3.x-dev",
            "target-dir": "Symfony/Component/BrowserKit",
            "source": {
                "type": "git",
                "url": "https://github.com/symfony/BrowserKit.git",
                "reference": "85afdbfbc789709192a9c5f37268063b18fc861d"
            },
            "dist": {
                "type": "zip",
                "url": "https://api.github.com/repos/symfony/BrowserKit/zipball/85afdbfbc789709192a9c5f37268063b18fc861d",
                "reference": "85afdbfbc789709192a9c5f37268063b18fc861d",
                "shasum": ""
            },
            "require": {
                "php": ">=5.3.3",
                "symfony/dom-crawler": "~2.0,>=2.0.5"
            },
            "require-dev": {
                "symfony/css-selector": "~2.0,>=2.0.5",
                "symfony/phpunit-bridge": "~2.7",
                "symfony/process": "~2.0,>=2.0.5"
            },
            "suggest": {
                "symfony/process": ""
            },
            "type": "library",
            "extra": {
                "branch-alias": {
                    "dev-master": "2.3-dev"
                }
            },
            "autoload": {
                "psr-0": {
                    "Symfony\\Component\\BrowserKit\\": ""
                }
            },
            "notification-url": "https://packagist.org/downloads/",
            "license": [
                "MIT"
            ],
            "authors": [
                {
                    "name": "Fabien Potencier",
                    "email": "fabien@symfony.com"
                },
                {
                    "name": "Symfony Community",
                    "homepage": "https://symfony.com/contributors"
                }
            ],
            "description": "Symfony BrowserKit Component",
            "homepage": "https://symfony.com",
            "time": "2015-07-05 14:01:47"
        },
        {
            "name": "symfony/config",
            "version": "2.1.x-dev",
            "target-dir": "Symfony/Component/Config",
            "source": {
                "type": "git",
                "url": "https://github.com/symfony/Config.git",
                "reference": "51909bf7f5d763d125a67781942d9293f65afae7"
            },
            "dist": {
                "type": "zip",
                "url": "https://api.github.com/repos/symfony/Config/zipball/51909bf7f5d763d125a67781942d9293f65afae7",
                "reference": "51909bf7f5d763d125a67781942d9293f65afae7",
                "shasum": ""
            },
            "require": {
                "php": ">=5.3.3"
            },
            "type": "library",
            "autoload": {
                "psr-0": {
                    "Symfony\\Component\\Config": ""
                }
            },
            "notification-url": "https://packagist.org/downloads/",
            "license": [
                "MIT"
            ],
            "authors": [
                {
                    "name": "Fabien Potencier",
                    "email": "fabien@symfony.com",
                    "homepage": "http://fabien.potencier.org",
                    "role": "Lead Developer"
                },
                {
                    "name": "Symfony Community",
                    "homepage": "http://symfony.com/contributors"
                }
            ],
            "description": "Symfony Config Component",
            "homepage": "http://symfony.com",
            "time": "2013-05-09 15:22:40"
        },
        {
            "name": "symfony/console",
            "version": "2.1.x-dev",
            "target-dir": "Symfony/Component/Console",
            "source": {
                "type": "git",
                "url": "https://github.com/symfony/Console.git",
                "reference": "a5e96b2363aca8a5400fec3bbcb3201a4b0513fb"
            },
            "dist": {
                "type": "zip",
                "url": "https://api.github.com/repos/symfony/Console/zipball/a5e96b2363aca8a5400fec3bbcb3201a4b0513fb",
                "reference": "a5e96b2363aca8a5400fec3bbcb3201a4b0513fb",
                "shasum": ""
            },
            "require": {
                "php": ">=5.3.3"
            },
            "type": "library",
            "autoload": {
                "psr-0": {
                    "Symfony\\Component\\Console": ""
                }
            },
            "notification-url": "https://packagist.org/downloads/",
            "license": [
                "MIT"
            ],
            "authors": [
                {
                    "name": "Fabien Potencier",
                    "email": "fabien@symfony.com",
                    "homepage": "http://fabien.potencier.org",
                    "role": "Lead Developer"
                },
                {
                    "name": "Symfony Community",
                    "homepage": "http://symfony.com/contributors"
                }
            ],
            "description": "Symfony Console Component",
            "homepage": "http://symfony.com",
            "time": "2013-06-11 07:34:22"
        },
        {
            "name": "symfony/css-selector",
            "version": "2.1.x-dev",
            "target-dir": "Symfony/Component/CssSelector",
            "source": {
                "type": "git",
                "url": "https://github.com/symfony/CssSelector.git",
                "reference": "bf7bb82a099dfb26b018daf70ad1985fea4d2997"
            },
            "dist": {
                "type": "zip",
                "url": "https://api.github.com/repos/symfony/CssSelector/zipball/bf7bb82a099dfb26b018daf70ad1985fea4d2997",
                "reference": "bf7bb82a099dfb26b018daf70ad1985fea4d2997",
                "shasum": ""
            },
            "require": {
                "php": ">=5.3.3"
            },
            "type": "library",
            "autoload": {
                "psr-0": {
                    "Symfony\\Component\\CssSelector": ""
                }
            },
            "notification-url": "https://packagist.org/downloads/",
            "license": [
                "MIT"
            ],
            "authors": [
                {
                    "name": "Fabien Potencier",
                    "email": "fabien@symfony.com",
                    "homepage": "http://fabien.potencier.org",
                    "role": "Lead Developer"
                },
                {
                    "name": "Symfony Community",
                    "homepage": "http://symfony.com/contributors"
                }
            ],
            "description": "Symfony CssSelector Component",
            "homepage": "http://symfony.com",
            "time": "2013-05-17 00:31:34"
        },
        {
            "name": "symfony/dependency-injection",
            "version": "2.1.x-dev",
            "target-dir": "Symfony/Component/DependencyInjection",
            "source": {
                "type": "git",
                "url": "https://github.com/symfony/DependencyInjection.git",
                "reference": "0df349077e11df224998c26806d50be128583faa"
            },
            "dist": {
                "type": "zip",
                "url": "https://api.github.com/repos/symfony/DependencyInjection/zipball/0df349077e11df224998c26806d50be128583faa",
                "reference": "0df349077e11df224998c26806d50be128583faa",
                "shasum": ""
            },
            "require": {
                "php": ">=5.3.3"
            },
            "require-dev": {
                "symfony/config": "2.1.*",
                "symfony/yaml": "2.1.*"
            },
            "suggest": {
                "symfony/config": "2.1.*",
                "symfony/yaml": "2.1.*"
            },
            "type": "library",
            "autoload": {
                "psr-0": {
                    "Symfony\\Component\\DependencyInjection": ""
                }
            },
            "notification-url": "https://packagist.org/downloads/",
            "license": [
                "MIT"
            ],
            "authors": [
                {
                    "name": "Fabien Potencier",
                    "email": "fabien@symfony.com",
                    "homepage": "http://fabien.potencier.org",
                    "role": "Lead Developer"
                },
                {
                    "name": "Symfony Community",
                    "homepage": "http://symfony.com/contributors"
                }
            ],
            "description": "Symfony DependencyInjection Component",
            "homepage": "http://symfony.com",
            "time": "2013-05-03 05:08:13"
        },
        {
            "name": "symfony/dom-crawler",
            "version": "2.3.x-dev",
            "target-dir": "Symfony/Component/DomCrawler",
            "source": {
                "type": "git",
                "url": "https://github.com/symfony/DomCrawler.git",
                "reference": "41fe54ff23e8a111e806101d0f04b6546f677cdb"
            },
            "dist": {
                "type": "zip",
                "url": "https://api.github.com/repos/symfony/DomCrawler/zipball/41fe54ff23e8a111e806101d0f04b6546f677cdb",
                "reference": "41fe54ff23e8a111e806101d0f04b6546f677cdb",
                "shasum": ""
            },
            "require": {
                "php": ">=5.3.3"
            },
            "require-dev": {
                "symfony/css-selector": "~2.0,>=2.0.5",
                "symfony/phpunit-bridge": "~2.7"
            },
            "suggest": {
                "symfony/css-selector": ""
            },
            "type": "library",
            "extra": {
                "branch-alias": {
                    "dev-master": "2.3-dev"
                }
            },
            "autoload": {
                "psr-0": {
                    "Symfony\\Component\\DomCrawler\\": ""
                }
            },
            "notification-url": "https://packagist.org/downloads/",
            "license": [
                "MIT"
            ],
            "authors": [
                {
                    "name": "Fabien Potencier",
                    "email": "fabien@symfony.com"
                },
                {
                    "name": "Symfony Community",
                    "homepage": "https://symfony.com/contributors"
                }
            ],
            "description": "Symfony DomCrawler Component",
            "homepage": "https://symfony.com",
            "time": "2015-07-05 14:01:47"
        },
        {
            "name": "symfony/event-dispatcher",
            "version": "2.1.x-dev",
            "target-dir": "Symfony/Component/EventDispatcher",
            "source": {
                "type": "git",
                "url": "https://github.com/symfony/EventDispatcher.git",
                "reference": "e1d18ff0ff6f3e45ac82f000bc221135df635527"
            },
            "dist": {
                "type": "zip",
                "url": "https://api.github.com/repos/symfony/EventDispatcher/zipball/e1d18ff0ff6f3e45ac82f000bc221135df635527",
                "reference": "e1d18ff0ff6f3e45ac82f000bc221135df635527",
                "shasum": ""
            },
            "require": {
                "php": ">=5.3.3"
            },
            "require-dev": {
                "symfony/dependency-injection": "2.1.*"
            },
            "suggest": {
                "symfony/dependency-injection": "2.1.*",
                "symfony/http-kernel": "2.1.*"
            },
            "type": "library",
            "autoload": {
                "psr-0": {
                    "Symfony\\Component\\EventDispatcher": ""
                }
            },
            "notification-url": "https://packagist.org/downloads/",
            "license": [
                "MIT"
            ],
            "authors": [
                {
                    "name": "Fabien Potencier",
                    "email": "fabien@symfony.com",
                    "homepage": "http://fabien.potencier.org",
                    "role": "Lead Developer"
                },
                {
                    "name": "Symfony Community",
                    "homepage": "http://symfony.com/contributors"
                }
            ],
            "description": "Symfony EventDispatcher Component",
            "homepage": "http://symfony.com",
            "time": "2013-02-11 11:26:14"
        },
        {
            "name": "symfony/finder",
            "version": "2.1.x-dev",
            "target-dir": "Symfony/Component/Finder",
            "source": {
                "type": "git",
                "url": "https://github.com/symfony/Finder.git",
                "reference": "0dbc61194b58bc513e003789853ddfe0aea8cf33"
            },
            "dist": {
                "type": "zip",
                "url": "https://api.github.com/repos/symfony/Finder/zipball/0dbc61194b58bc513e003789853ddfe0aea8cf33",
                "reference": "0dbc61194b58bc513e003789853ddfe0aea8cf33",
                "shasum": ""
            },
            "require": {
                "php": ">=5.3.3"
            },
            "type": "library",
            "autoload": {
                "psr-0": {
                    "Symfony\\Component\\Finder": ""
                }
            },
            "notification-url": "https://packagist.org/downloads/",
            "license": [
                "MIT"
            ],
            "authors": [
                {
                    "name": "Fabien Potencier",
                    "email": "fabien@symfony.com",
                    "homepage": "http://fabien.potencier.org",
                    "role": "Lead Developer"
                },
                {
                    "name": "Symfony Community",
                    "homepage": "http://symfony.com/contributors"
                }
            ],
            "description": "Symfony Finder Component",
            "homepage": "http://symfony.com",
            "time": "2013-05-25 15:47:15"
        },
        {
            "name": "symfony/process",
            "version": "2.3.x-dev",
            "target-dir": "Symfony/Component/Process",
            "source": {
                "type": "git",
                "url": "https://github.com/symfony/Process.git",
                "reference": "e797e51723be0b9829c58d3e55ec5e4a44a06e17"
            },
            "dist": {
                "type": "zip",
                "url": "https://api.github.com/repos/symfony/Process/zipball/e797e51723be0b9829c58d3e55ec5e4a44a06e17",
                "reference": "e797e51723be0b9829c58d3e55ec5e4a44a06e17",
                "shasum": ""
            },
            "require": {
                "php": ">=5.3.3"
            },
            "require-dev": {
                "symfony/phpunit-bridge": "~2.7"
            },
            "type": "library",
            "extra": {
                "branch-alias": {
                    "dev-master": "2.3-dev"
                }
            },
            "autoload": {
                "psr-0": {
                    "Symfony\\Component\\Process\\": ""
                }
            },
            "notification-url": "https://packagist.org/downloads/",
            "license": [
                "MIT"
            ],
            "authors": [
                {
                    "name": "Fabien Potencier",
                    "email": "fabien@symfony.com"
                },
                {
                    "name": "Symfony Community",
                    "homepage": "https://symfony.com/contributors"
                }
            ],
            "description": "Symfony Process Component",
            "homepage": "https://symfony.com",
            "time": "2015-06-30 16:05:31"
        },
        {
            "name": "symfony/translation",
            "version": "2.1.x-dev",
            "target-dir": "Symfony/Component/Translation",
            "source": {
                "type": "git",
                "url": "https://github.com/symfony/Translation.git",
                "reference": "39ba7a5dc560959667c45c9353b70f43182ca4b3"
            },
            "dist": {
                "type": "zip",
                "url": "https://api.github.com/repos/symfony/Translation/zipball/39ba7a5dc560959667c45c9353b70f43182ca4b3",
                "reference": "39ba7a5dc560959667c45c9353b70f43182ca4b3",
                "shasum": ""
            },
            "require": {
                "php": ">=5.3.3"
            },
            "require-dev": {
                "symfony/config": "2.1.*",
                "symfony/yaml": "2.1.*"
            },
            "suggest": {
                "symfony/config": "2.1.*",
                "symfony/yaml": "2.1.*"
            },
            "type": "library",
            "autoload": {
                "psr-0": {
                    "Symfony\\Component\\Translation": ""
                }
            },
            "notification-url": "https://packagist.org/downloads/",
            "license": [
                "MIT"
            ],
            "authors": [
                {
                    "name": "Fabien Potencier",
                    "email": "fabien@symfony.com",
                    "homepage": "http://fabien.potencier.org",
                    "role": "Lead Developer"
                },
                {
                    "name": "Symfony Community",
                    "homepage": "http://symfony.com/contributors"
                }
            ],
            "description": "Symfony Translation Component",
            "homepage": "http://symfony.com",
            "time": "2013-04-20 08:25:59"
        },
        {
            "name": "symfony/yaml",
            "version": "2.1.x-dev",
            "target-dir": "Symfony/Component/Yaml",
            "source": {
                "type": "git",
                "url": "https://github.com/symfony/Yaml.git",
                "reference": "347a7a02204433c6926ecc3f13e805bdc30e8f9f"
            },
            "dist": {
                "type": "zip",
                "url": "https://api.github.com/repos/symfony/Yaml/zipball/347a7a02204433c6926ecc3f13e805bdc30e8f9f",
                "reference": "347a7a02204433c6926ecc3f13e805bdc30e8f9f",
                "shasum": ""
            },
            "require": {
                "php": ">=5.3.3"
            },
            "type": "library",
            "autoload": {
                "psr-0": {
                    "Symfony\\Component\\Yaml": ""
                }
            },
            "notification-url": "https://packagist.org/downloads/",
            "license": [
                "MIT"
            ],
            "authors": [
                {
                    "name": "Fabien Potencier",
                    "email": "fabien@symfony.com",
                    "homepage": "http://fabien.potencier.org",
                    "role": "Lead Developer"
                },
                {
                    "name": "Symfony Community",
                    "homepage": "http://symfony.com/contributors"
                }
            ],
            "description": "Symfony Yaml Component",
            "homepage": "http://symfony.com",
            "time": "2013-05-10 00:09:46"
        }
    ],
    "packages-dev": [],
    "aliases": [],
    "minimum-stability": "dev",
    "stability-flags": {
        "behat/mink": 0,
        "behat/behat": 0
    },
    "prefer-stable": false,
    "prefer-lowest": false,
    "platform": [],
    "platform-dev": []
}
